
Microsoft Visual Studio Solution File, Format Version 12.00
# Visual Studio Version 17
VisualStudioVersion = 17.1.32210.238
MinimumVisualStudioVersion = 10.0.40219.1
Project("{FAE04EC0-301F-11D3-BF4B-00C04F79EFBC}") = "JWTFirstExample", "JWTFirstExample\JWTFirstExample.csproj", "{54C2E019-52AD-41CF-8ABC-252EA2915E52}"
EndProject
Global
	GlobalSection(SolutionConfigurationPlatforms) = preSolution
		Debug|Any CPU = Debug|Any CPU
		Release|Any CPU = Release|Any CPU
	EndGlobalSection
	GlobalSection(ProjectConfigurationPlatforms) = postSolution
		{54C2E019-52AD-41CF-8ABC-252EA2915E52}.Debug|Any CPU.ActiveCfg = Debug|Any CPU
		{54C2E019-52AD-41CF-8ABC-252EA2915E52}.Debug|Any CPU.Build.0 = Debug|Any CPU
		{54C2E019-52AD-41CF-8ABC-252EA2915E52}.Release|Any CPU.ActiveCfg = Release|Any CPU
		{54C2E019-52AD-41CF-8ABC-252EA2915E52}.Release|Any CPU.Build.0 = Release|Any CPU
	EndGlobalSection
	GlobalSection(SolutionProperties) = preSolution
		HideSolutionNode = FALSE
	EndGlobalSection
	GlobalSection(ExtensibilityGlobals) = postSolution
		SolutionGuid = {8E0159DD-8B50-4023-BFF2-DD0D0FCB9E28}
	EndGlobalSection
EndGlobal
